// !$*UTF8*$!
{
	archiveVersion = 1;
	classes = {
	};
	objectVersion = 46;
	objects = {

/* Begin PBXBuildFile section */
		36FB7481193FD5B100260B7C /* Foundation.framework in Frameworks */ = {isa = PBXBuildFile; fileRef = 36FB7480193FD5B100260B7C /* Foundation.framework */; };
		36FB7483193FD5B100260B7C /* CoreGraphics.framework in Frameworks */ = {isa = PBXBuildFile; fileRef = 36FB7482193FD5B100260B7C /* CoreGraphics.framework */; };
		36FB7485193FD5B100260B7C /* UIKit.framework in Frameworks */ = {isa = PBXBuildFile; fileRef = 36FB7484193FD5B100260B7C /* UIKit.framework */; };
		36FB748B193FD5B100260B7C /* InfoPlist.strings in Resources */ = {isa = PBXBuildFile; fileRef = 36FB7489193FD5B100260B7C /* InfoPlist.strings */; };
		36FB748D193FD5B100260B7C /* main.m in Sources */ = {isa = PBXBuildFile; fileRef = 36FB748C193FD5B100260B7C /* main.m */; };
		36FB7491193FD5B100260B7C /* AppDelegate.m in Sources */ = {isa = PBXBuildFile; fileRef = 36FB7490193FD5B100260B7C /* AppDelegate.m */; };
		36FB7494193FD5B100260B7C /* Main_iPhone.storyboard in Resources */ = {isa = PBXBuildFile; fileRef = 36FB7492193FD5B100260B7C /* Main_iPhone.storyboard */; };
		36FB7497193FD5B100260B7C /* Main_iPad.storyboard in Resources */ = {isa = PBXBuildFile; fileRef = 36FB7495193FD5B100260B7C /* Main_iPad.storyboard */; };
		36FB749A193FD5B100260B7C /* ViewController.m in Sources */ = {isa = PBXBuildFile; fileRef = 36FB7499193FD5B100260B7C /* ViewController.m */; };
		36FB749C193FD5B100260B7C /* Images.xcassets in Resources */ = {isa = PBXBuildFile; fileRef = 36FB749B193FD5B100260B7C /* Images.xcassets */; };
		36FB74A3193FD5B100260B7C /* XCTest.framework in Frameworks */ = {isa = PBXBuildFile; fileRef = 36FB74A2193FD5B100260B7C /* XCTest.framework */; };
		36FB74A4193FD5B100260B7C /* Foundation.framework in Frameworks */ = {isa = PBXBuildFile; fileRef = 36FB7480193FD5B100260B7C /* Foundation.framework */; };
		36FB74A5193FD5B100260B7C /* UIKit.framework in Frameworks */ = {isa = PBXBuildFile; fileRef = 36FB7484193FD5B100260B7C /* UIKit.framework */; };
		36FB74AD193FD5B100260B7C /* InfoPlist.strings in Resources */ = {isa = PBXBuildFile; fileRef = 36FB74AB193FD5B100260B7C /* InfoPlist.strings */; };
		36FB74AF193FD5B100260B7C /* TemperatureGraphApp_iOSTests.m in Sources */ = {isa = PBXBuildFile; fileRef = 36FB74AE193FD5B100260B7C /* TemperatureGraphApp_iOSTests.m */; };
		36FB7508193FD82700260B7C /* libCorePlot-CocoaTouch.a in Frameworks */ = {isa = PBXBuildFile; fileRef = 36FB7507193FD82700260B7C /* libCorePlot-CocoaTouch.a */; };
		36FB750A193FD86200260B7C /* QuartzCore.framework in Frameworks */ = {isa = PBXBuildFile; fileRef = 36FB7509193FD86200260B7C /* QuartzCore.framework */; };
		36FB750C193FD87300260B7C /* Accelerate.framework in Frameworks */ = {isa = PBXBuildFile; fileRef = 36FB750B193FD87300260B7C /* Accelerate.framework */; };
/* End PBXBuildFile section */

/* Begin PBXContainerItemProxy section */
		36FB74A6193FD5B100260B7C /* PBXContainerItemProxy */ = {
			isa = PBXContainerItemProxy;
			containerPortal = 36FB7475193FD5B100260B7C /* Project object */;
			proxyType = 1;
			remoteGlobalIDString = 36FB747C193FD5B100260B7C;
			remoteInfo = "TemperatureGraphApp-iOS";
		};
/* End PBXContainerItemProxy section */

/* Begin PBXFileReference section */
		36FB747D193FD5B100260B7C /* TemperatureGraphApp-iOS.app */ = {isa = PBXFileReference; explicitFileType = wrapper.application; includeInIndex = 0; path = "TemperatureGraphApp-iOS.app"; sourceTree = BUILT_PRODUCTS_DIR; };
		36FB7480193FD5B100260B7C /* Foundation.framework */ = {isa = PBXFileReference; lastKnownFileType = wrapper.framework; name = Foundation.framework; path = System/Library/Frameworks/Foundation.framework; sourceTree = SDKROOT; };
		36FB7482193FD5B100260B7C /* CoreGraphics.framework */ = {isa = PBXFileReference; lastKnownFileType = wrapper.framework; name = CoreGraphics.framework; path = System/Library/Frameworks/CoreGraphics.framework; sourceTree = SDKROOT; };
		36FB7484193FD5B100260B7C /* UIKit.framework */ = {isa = PBXFileReference; lastKnownFileType = wrapper.framework; name = UIKit.framework; path = System/Library/Frameworks/UIKit.framework; sourceTree = SDKROOT; };
		36FB7488193FD5B100260B7C /* TemperatureGraphApp-iOS-Info.plist */ = {isa = PBXFileReference; lastKnownFileType = text.plist.xml; path = "TemperatureGraphApp-iOS-Info.plist"; sourceTree = "<group>"; };
		36FB748A193FD5B100260B7C /* en */ = {isa = PBXFileReference; lastKnownFileType = text.plist.strings; name = en; path = en.lproj/InfoPlist.strings; sourceTree = "<group>"; };
		36FB748C193FD5B100260B7C /* main.m */ = {isa = PBXFileReference; lastKnownFileType = sourcecode.c.objc; path = main.m; sourceTree = "<group>"; };
		36FB748E193FD5B100260B7C /* TemperatureGraphApp-iOS-Prefix.pch */ = {isa = PBXFileReference; lastKnownFileType = sourcecode.c.h; path = "TemperatureGraphApp-iOS-Prefix.pch"; sourceTree = "<group>"; };
		36FB748F193FD5B100260B7C /* AppDelegate.h */ = {isa = PBXFileReference; lastKnownFileType = sourcecode.c.h; path = AppDelegate.h; sourceTree = "<group>"; };
		36FB7490193FD5B100260B7C /* AppDelegate.m */ = {isa = PBXFileReference; lastKnownFileType = sourcecode.c.objc; path = AppDelegate.m; sourceTree = "<group>"; };
		36FB7493193FD5B100260B7C /* Base */ = {isa = PBXFileReference; lastKnownFileType = file.storyboard; name = Base; path = Base.lproj/Main_iPhone.storyboard; sourceTree = "<group>"; };
		36FB7496193FD5B100260B7C /* Base */ = {isa = PBXFileReference; lastKnownFileType = file.storyboard; name = Base; path = Base.lproj/Main_iPad.storyboard; sourceTree = "<group>"; };
		36FB7498193FD5B100260B7C /* ViewController.h */ = {isa = PBXFileReference; lastKnownFileType = sourcecode.c.h; path = ViewController.h; sourceTree = "<group>"; };
		36FB7499193FD5B100260B7C /* ViewController.m */ = {isa = PBXFileReference; lastKnownFileType = sourcecode.c.objc; path = ViewController.m; sourceTree = "<group>"; };
		36FB749B193FD5B100260B7C /* Images.xcassets */ = {isa = PBXFileReference; lastKnownFileType = folder.assetcatalog; path = Images.xcassets; sourceTree = "<group>"; };
		36FB74A1193FD5B100260B7C /* TemperatureGraphApp-iOSTests.xctest */ = {isa = PBXFileReference; explicitFileType = wrapper.cfbundle; includeInIndex = 0; path = "TemperatureGraphApp-iOSTests.xctest"; sourceTree = BUILT_PRODUCTS_DIR; };
		36FB74A2193FD5B100260B7C /* XCTest.framework */ = {isa = PBXFileReference; lastKnownFileType = wrapper.framework; name = XCTest.framework; path = Library/Frameworks/XCTest.framework; sourceTree = DEVELOPER_DIR; };
		36FB74AA193FD5B100260B7C /* TemperatureGraphApp-iOSTests-Info.plist */ = {isa = PBXFileReference; lastKnownFileType = text.plist.xml; path = "TemperatureGraphApp-iOSTests-Info.plist"; sourceTree = "<group>"; };
		36FB74AC193FD5B100260B7C /* en */ = {isa = PBXFileReference; lastKnownFileType = text.plist.strings; name = en; path = en.lproj/InfoPlist.strings; sourceTree = "<group>"; };
		36FB74AE193FD5B100260B7C /* TemperatureGraphApp_iOSTests.m */ = {isa = PBXFileReference; lastKnownFileType = sourcecode.c.objc; path = TemperatureGraphApp_iOSTests.m; sourceTree = "<group>"; };
		36FB74B9193FD80000260B7C /* CorePlot-CocoaTouch.h */ = {isa = PBXFileReference; fileEncoding = 4; lastKnownFileType = sourcecode.c.h; path = "CorePlot-CocoaTouch.h"; sourceTree = "<group>"; };
		36FB74BA193FD80000260B7C /* CPTAnimation.h */ = {isa = PBXFileReference; fileEncoding = 4; lastKnownFileType = sourcecode.c.h; path = CPTAnimation.h; sourceTree = "<group>"; };
		36FB74BB193FD80000260B7C /* CPTAnimationOperation.h */ = {isa = PBXFileReference; fileEncoding = 4; lastKnownFileType = sourcecode.c.h; path = CPTAnimationOperation.h; sourceTree = "<group>"; };
		36FB74BC193FD80000260B7C /* CPTAnimationPeriod.h */ = {isa = PBXFileReference; fileEncoding = 4; lastKnownFileType = sourcecode.c.h; path = CPTAnimationPeriod.h; sourceTree = "<group>"; };
		36FB74BD193FD80000260B7C /* CPTAnnotation.h */ = {isa = PBXFileReference; fileEncoding = 4; lastKnownFileType = sourcecode.c.h; path = CPTAnnotation.h; sourceTree = "<group>"; };
		36FB74BE193FD80000260B7C /* CPTAnnotationHostLayer.h */ = {isa = PBXFileReference; fileEncoding = 4; lastKnownFileType = sourcecode.c.h; path = CPTAnnotationHostLayer.h; sourceTree = "<group>"; };
		36FB74BF193FD80000260B7C /* CPTAxis.h */ = {isa = PBXFileReference; fileEncoding = 4; lastKnownFileType = sourcecode.c.h; path = CPTAxis.h; sourceTree = "<group>"; };
		36FB74C0193FD80000260B7C /* CPTAxisLabel.h */ = {isa = PBXFileReference; fileEncoding = 4; lastKnownFileType = sourcecode.c.h; path = CPTAxisLabel.h; sourceTree = "<group>"; };
		36FB74C1193FD80000260B7C /* CPTAxisLabelGroup.h */ = {isa = PBXFileReference; fileEncoding = 4; lastKnownFileType = sourcecode.c.h; path = CPTAxisLabelGroup.h; sourceTree = "<group>"; };
		36FB74C2193FD80000260B7C /* CPTAxisSet.h */ = {isa = PBXFileReference; fileEncoding = 4; lastKnownFileType = sourcecode.c.h; path = CPTAxisSet.h; sourceTree = "<group>"; };
		36FB74C3193FD80000260B7C /* CPTAxisTitle.h */ = {isa = PBXFileReference; fileEncoding = 4; lastKnownFileType = sourcecode.c.h; path = CPTAxisTitle.h; sourceTree = "<group>"; };
		36FB74C4193FD80000260B7C /* CPTBarPlot.h */ = {isa = PBXFileReference; fileEncoding = 4; lastKnownFileType = sourcecode.c.h; path = CPTBarPlot.h; sourceTree = "<group>"; };
		36FB74C5193FD80000260B7C /* CPTBorderedLayer.h */ = {isa = PBXFileReference; fileEncoding = 4; lastKnownFileType = sourcecode.c.h; path = CPTBorderedLayer.h; sourceTree = "<group>"; };
		36FB74C6193FD80000260B7C /* CPTCalendarFormatter.h */ = {isa = PBXFileReference; fileEncoding = 4; lastKnownFileType = sourcecode.c.h; path = CPTCalendarFormatter.h; sourceTree = "<group>"; };
		36FB74C7193FD80000260B7C /* CPTColor.h */ = {isa = PBXFileReference; fileEncoding = 4; lastKnownFileType = sourcecode.c.h; path = CPTColor.h; sourceTree = "<group>"; };
		36FB74C8193FD80000260B7C /* CPTColorSpace.h */ = {isa = PBXFileReference; fileEncoding = 4; lastKnownFileType = sourcecode.c.h; path = CPTColorSpace.h; sourceTree = "<group>"; };
		36FB74C9193FD80000260B7C /* CPTConstraints.h */ = {isa = PBXFileReference; fileEncoding = 4; lastKnownFileType = sourcecode.c.h; path = CPTConstraints.h; sourceTree = "<group>"; };
		36FB74CA193FD80000260B7C /* CPTDataSourceTestCase.h */ = {isa = PBXFileReference; fileEncoding = 4; lastKnownFileType = sourcecode.c.h; path = CPTDataSourceTestCase.h; sourceTree = "<group>"; };
		36FB74CB193FD80000260B7C /* CPTDefinitions.h */ = {isa = PBXFileReference; fileEncoding = 4; lastKnownFileType = sourcecode.c.h; path = CPTDefinitions.h; sourceTree = "<group>"; };
		36FB74CC193FD80000260B7C /* CPTDerivedXYGraph.h */ = {isa = PBXFileReference; fileEncoding = 4; lastKnownFileType = sourcecode.c.h; path = CPTDerivedXYGraph.h; sourceTree = "<group>"; };
		36FB74CD193FD80000260B7C /* CPTExceptions.h */ = {isa = PBXFileReference; fileEncoding = 4; lastKnownFileType = sourcecode.c.h; path = CPTExceptions.h; sourceTree = "<group>"; };
		36FB74CE193FD80000260B7C /* CPTFill.h */ = {isa = PBXFileReference; fileEncoding = 4; lastKnownFileType = sourcecode.c.h; path = CPTFill.h; sourceTree = "<group>"; };
		36FB74CF193FD80000260B7C /* CPTFunctionDataSource.h */ = {isa = PBXFileReference; fileEncoding = 4; lastKnownFileType = sourcecode.c.h; path = CPTFunctionDataSource.h; sourceTree = "<group>"; };
		36FB74D0193FD80000260B7C /* CPTGradient.h */ = {isa = PBXFileReference; fileEncoding = 4; lastKnownFileType = sourcecode.c.h; path = CPTGradient.h; sourceTree = "<group>"; };
		36FB74D1193FD80000260B7C /* CPTGraph.h */ = {isa = PBXFileReference; fileEncoding = 4; lastKnownFileType = sourcecode.c.h; path = CPTGraph.h; sourceTree = "<group>"; };
		36FB74D2193FD80000260B7C /* CPTGraphHostingView.h */ = {isa = PBXFileReference; fileEncoding = 4; lastKnownFileType = sourcecode.c.h; path = CPTGraphHostingView.h; sourceTree = "<group>"; };
		36FB74D3193FD80000260B7C /* CPTGridLineGroup.h */ = {isa = PBXFileReference; fileEncoding = 4; lastKnownFileType = sourcecode.c.h; path = CPTGridLineGroup.h; sourceTree = "<group>"; };
		36FB74D4193FD80000260B7C /* CPTGridLines.h */ = {isa = PBXFileReference; fileEncoding = 4; lastKnownFileType = sourcecode.c.h; path = CPTGridLines.h; sourceTree = "<group>"; };
		36FB74D5193FD80000260B7C /* CPTImage.h */ = {isa = PBXFileReference; fileEncoding = 4; lastKnownFileType = sourcecode.c.h; path = CPTImage.h; sourceTree = "<group>"; };
		36FB74D6193FD80000260B7C /* CPTLayer.h */ = {isa = PBXFileReference; fileEncoding = 4; lastKnownFileType = sourcecode.c.h; path = CPTLayer.h; sourceTree = "<group>"; };
		36FB74D7193FD80000260B7C /* CPTLayerAnnotation.h */ = {isa = PBXFileReference; fileEncoding = 4; lastKnownFileType = sourcecode.c.h; path = CPTLayerAnnotation.h; sourceTree = "<group>"; };
		36FB74D8193FD80000260B7C /* CPTLegend.h */ = {isa = PBXFileReference; fileEncoding = 4; lastKnownFileType = sourcecode.c.h; path = CPTLegend.h; sourceTree = "<group>"; };
		36FB74D9193FD80000260B7C /* CPTLegendEntry.h */ = {isa = PBXFileReference; fileEncoding = 4; lastKnownFileType = sourcecode.c.h; path = CPTLegendEntry.h; sourceTree = "<group>"; };
		36FB74DA193FD80000260B7C /* CPTLimitBand.h */ = {isa = PBXFileReference; fileEncoding = 4; lastKnownFileType = sourcecode.c.h; path = CPTLimitBand.h; sourceTree = "<group>"; };
		36FB74DB193FD80000260B7C /* CPTLineCap.h */ = {isa = PBXFileReference; fileEncoding = 4; lastKnownFileType = sourcecode.c.h; path = CPTLineCap.h; sourceTree = "<group>"; };
		36FB74DC193FD80000260B7C /* CPTLineStyle.h */ = {isa = PBXFileReference; fileEncoding = 4; lastKnownFileType = sourcecode.c.h; path = CPTLineStyle.h; sourceTree = "<group>"; };
		36FB74DD193FD80000260B7C /* CPTMutableLineStyle.h */ = {isa = PBXFileReference; fileEncoding = 4; lastKnownFileType = sourcecode.c.h; path = CPTMutableLineStyle.h; sourceTree = "<group>"; };
		36FB74DE193FD80000260B7C /* CPTMutableNumericData+TypeConversion.h */ = {isa = PBXFileReference; fileEncoding = 4; lastKnownFileType = sourcecode.c.h; path = "CPTMutableNumericData+TypeConversion.h"; sourceTree = "<group>"; };
		36FB74DF193FD80000260B7C /* CPTMutableNumericData.h */ = {isa = PBXFileReference; fileEncoding = 4; lastKnownFileType = sourcecode.c.h; path = CPTMutableNumericData.h; sourceTree = "<group>"; };
		36FB74E0193FD80000260B7C /* CPTMutablePlotRange.h */ = {isa = PBXFileReference; fileEncoding = 4; lastKnownFileType = sourcecode.c.h; path = CPTMutablePlotRange.h; sourceTree = "<group>"; };
		36FB74E1193FD80000260B7C /* CPTMutableShadow.h */ = {isa = PBXFileReference; fileEncoding = 4; lastKnownFileType = sourcecode.c.h; path = CPTMutableShadow.h; sourceTree = "<group>"; };
		36FB74E2193FD80000260B7C /* CPTMutableTextStyle.h */ = {isa = PBXFileReference; fileEncoding = 4; lastKnownFileType = sourcecode.c.h; path = CPTMutableTextStyle.h; sourceTree = "<group>"; };
		36FB74E3193FD80000260B7C /* CPTNumericData+TypeConversion.h */ = {isa = PBXFileReference; fileEncoding = 4; lastKnownFileType = sourcecode.c.h; path = "CPTNumericData+TypeConversion.h"; sourceTree = "<group>"; };
		36FB74E4193FD80000260B7C /* CPTNumericData.h */ = {isa = PBXFileReference; fileEncoding = 4; lastKnownFileType = sourcecode.c.h; path = CPTNumericData.h; sourceTree = "<group>"; };
		36FB74E5193FD80000260B7C /* CPTNumericDataType.h */ = {isa = PBXFileReference; fileEncoding = 4; lastKnownFileType = sourcecode.c.h; path = CPTNumericDataType.h; sourceTree = "<group>"; };
		36FB74E6193FD80000260B7C /* CPTPathExtensions.h */ = {isa = PBXFileReference; fileEncoding = 4; lastKnownFileType = sourcecode.c.h; path = CPTPathExtensions.h; sourceTree = "<group>"; };
		36FB74E7193FD80000260B7C /* CPTPieChart.h */ = {isa = PBXFileReference; fileEncoding = 4; lastKnownFileType = sourcecode.c.h; path = CPTPieChart.h; sourceTree = "<group>"; };
		36FB74E8193FD80000260B7C /* CPTPlatformSpecificCategories.h */ = {isa = PBXFileReference; fileEncoding = 4; lastKnownFileType = sourcecode.c.h; path = CPTPlatformSpecificCategories.h; sourceTree = "<group>"; };
		36FB74E9193FD80000260B7C /* CPTPlatformSpecificDefines.h */ = {isa = PBXFileReference; fileEncoding = 4; lastKnownFileType = sourcecode.c.h; path = CPTPlatformSpecificDefines.h; sourceTree = "<group>"; };
		36FB74EA193FD80000260B7C /* CPTPlatformSpecificFunctions.h */ = {isa = PBXFileReference; fileEncoding = 4; lastKnownFileType = sourcecode.c.h; path = CPTPlatformSpecificFunctions.h; sourceTree = "<group>"; };
		36FB74EB193FD80000260B7C /* CPTPlot.h */ = {isa = PBXFileReference; fileEncoding = 4; lastKnownFileType = sourcecode.c.h; path = CPTPlot.h; sourceTree = "<group>"; };
		36FB74EC193FD80000260B7C /* CPTPlotArea.h */ = {isa = PBXFileReference; fileEncoding = 4; lastKnownFileType = sourcecode.c.h; path = CPTPlotArea.h; sourceTree = "<group>"; };
		36FB74ED193FD80000260B7C /* CPTPlotAreaFrame.h */ = {isa = PBXFileReference; fileEncoding = 4; lastKnownFileType = sourcecode.c.h; path = CPTPlotAreaFrame.h; sourceTree = "<group>"; };
		36FB74EE193FD80000260B7C /* CPTPlotGroup.h */ = {isa = PBXFileReference; fileEncoding = 4; lastKnownFileType = sourcecode.c.h; path = CPTPlotGroup.h; sourceTree = "<group>"; };
		36FB74EF193FD80000260B7C /* CPTPlotRange.h */ = {isa = PBXFileReference; fileEncoding = 4; lastKnownFileType = sourcecode.c.h; path = CPTPlotRange.h; sourceTree = "<group>"; };
		36FB74F0193FD80000260B7C /* CPTPlotSpace.h */ = {isa = PBXFileReference; fileEncoding = 4; lastKnownFileType = sourcecode.c.h; path = CPTPlotSpace.h; sourceTree = "<group>"; };
		36FB74F1193FD80000260B7C /* CPTPlotSpaceAnnotation.h */ = {isa = PBXFileReference; fileEncoding = 4; lastKnownFileType = sourcecode.c.h; path = CPTPlotSpaceAnnotation.h; sourceTree = "<group>"; };
		36FB74F2193FD80000260B7C /* CPTPlotSymbol.h */ = {isa = PBXFileReference; fileEncoding = 4; lastKnownFileType = sourcecode.c.h; path = CPTPlotSymbol.h; sourceTree = "<group>"; };
		36FB74F3193FD80000260B7C /* CPTRangePlot.h */ = {isa = PBXFileReference; fileEncoding = 4; lastKnownFileType = sourcecode.c.h; path = CPTRangePlot.h; sourceTree = "<group>"; };
		36FB74F4193FD80000260B7C /* CPTResponder.h */ = {isa = PBXFileReference; fileEncoding = 4; lastKnownFileType = sourcecode.c.h; path = CPTResponder.h; sourceTree = "<group>"; };
		36FB74F5193FD80000260B7C /* CPTScatterPlot.h */ = {isa = PBXFileReference; fileEncoding = 4; lastKnownFileType = sourcecode.c.h; path = CPTScatterPlot.h; sourceTree = "<group>"; };
		36FB74F6193FD80000260B7C /* CPTShadow.h */ = {isa = PBXFileReference; fileEncoding = 4; lastKnownFileType = sourcecode.c.h; path = CPTShadow.h; sourceTree = "<group>"; };
		36FB74F7193FD80000260B7C /* CPTTestCase.h */ = {isa = PBXFileReference; fileEncoding = 4; lastKnownFileType = sourcecode.c.h; path = CPTTestCase.h; sourceTree = "<group>"; };
		36FB74F8193FD80000260B7C /* CPTTextLayer.h */ = {isa = PBXFileReference; fileEncoding = 4; lastKnownFileType = sourcecode.c.h; path = CPTTextLayer.h; sourceTree = "<group>"; };
		36FB74F9193FD80000260B7C /* CPTTextStyle.h */ = {isa = PBXFileReference; fileEncoding = 4; lastKnownFileType = sourcecode.c.h; path = CPTTextStyle.h; sourceTree = "<group>"; };
		36FB74FA193FD80000260B7C /* CPTTextStylePlatformSpecific.h */ = {isa = PBXFileReference; fileEncoding = 4; lastKnownFileType = sourcecode.c.h; path = CPTTextStylePlatformSpecific.h; sourceTree = "<group>"; };
		36FB74FB193FD80000260B7C /* CPTTheme.h */ = {isa = PBXFileReference; fileEncoding = 4; lastKnownFileType = sourcecode.c.h; path = CPTTheme.h; sourceTree = "<group>"; };
		36FB74FC193FD80000260B7C /* CPTTimeFormatter.h */ = {isa = PBXFileReference; fileEncoding = 4; lastKnownFileType = sourcecode.c.h; path = CPTTimeFormatter.h; sourceTree = "<group>"; };
		36FB74FD193FD80000260B7C /* CPTTradingRangePlot.h */ = {isa = PBXFileReference; fileEncoding = 4; lastKnownFileType = sourcecode.c.h; path = CPTTradingRangePlot.h; sourceTree = "<group>"; };
		36FB74FE193FD80000260B7C /* CPTUtilities.h */ = {isa = PBXFileReference; fileEncoding = 4; lastKnownFileType = sourcecode.c.h; path = CPTUtilities.h; sourceTree = "<group>"; };
		36FB74FF193FD80000260B7C /* CPTXYAxis.h */ = {isa = PBXFileReference; fileEncoding = 4; lastKnownFileType = sourcecode.c.h; path = CPTXYAxis.h; sourceTree = "<group>"; };
		36FB7500193FD80000260B7C /* CPTXYAxisSet.h */ = {isa = PBXFileReference; fileEncoding = 4; lastKnownFileType = sourcecode.c.h; path = CPTXYAxisSet.h; sourceTree = "<group>"; };
		36FB7501193FD80000260B7C /* CPTXYGraph.h */ = {isa = PBXFileReference; fileEncoding = 4; lastKnownFileType = sourcecode.c.h; path = CPTXYGraph.h; sourceTree = "<group>"; };
		36FB7502193FD80000260B7C /* CPTXYPlotSpace.h */ = {isa = PBXFileReference; fileEncoding = 4; lastKnownFileType = sourcecode.c.h; path = CPTXYPlotSpace.h; sourceTree = "<group>"; };
		36FB7503193FD80000260B7C /* mainpage.h */ = {isa = PBXFileReference; fileEncoding = 4; lastKnownFileType = sourcecode.c.h; path = mainpage.h; sourceTree = "<group>"; };
		36FB7504193FD80000260B7C /* NSCoderExtensions.h */ = {isa = PBXFileReference; fileEncoding = 4; lastKnownFileType = sourcecode.c.h; path = NSCoderExtensions.h; sourceTree = "<group>"; };
		36FB7505193FD80000260B7C /* NSDecimalNumberExtensions.h */ = {isa = PBXFileReference; fileEncoding = 4; lastKnownFileType = sourcecode.c.h; path = NSDecimalNumberExtensions.h; sourceTree = "<group>"; };
		36FB7506193FD80000260B7C /* NSNumberExtensions.h */ = {isa = PBXFileReference; fileEncoding = 4; lastKnownFileType = sourcecode.c.h; path = NSNumberExtensions.h; sourceTree = "<group>"; };
		36FB7507193FD82700260B7C /* libCorePlot-CocoaTouch.a */ = {isa = PBXFileReference; lastKnownFileType = archive.ar; path = "libCorePlot-CocoaTouch.a"; sourceTree = "<group>"; };
		36FB7509193FD86200260B7C /* QuartzCore.framework */ = {isa = PBXFileReference; lastKnownFileType = wrapper.framework; name = QuartzCore.framework; path = System/Library/Frameworks/QuartzCore.framework; sourceTree = SDKROOT; };
		36FB750B193FD87300260B7C /* Accelerate.framework */ = {isa = PBXFileReference; lastKnownFileType = wrapper.framework; name = Accelerate.framework; path = System/Library/Frameworks/Accelerate.framework; sourceTree = SDKROOT; };
/* End PBXFileReference section */

/* Begin PBXFrameworksBuildPhase section */
		36FB747A193FD5B100260B7C /* Frameworks */ = {
			isa = PBXFrameworksBuildPhase;
			buildActionMask = 2147483647;
			files = (
				36FB750C193FD87300260B7C /* Accelerate.framework in Frameworks */,
				36FB750A193FD86200260B7C /* QuartzCore.framework in Frameworks */,
				36FB7483193FD5B100260B7C /* CoreGraphics.framework in Frameworks */,
				36FB7485193FD5B100260B7C /* UIKit.framework in Frameworks */,
				36FB7481193FD5B100260B7C /* Foundation.framework in Frameworks */,
				36FB7508193FD82700260B7C /* libCorePlot-CocoaTouch.a in Frameworks */,
			);
			runOnlyForDeploymentPostprocessing = 0;
		};
		36FB749E193FD5B100260B7C /* Frameworks */ = {
			isa = PBXFrameworksBuildPhase;
			buildActionMask = 2147483647;
			files = (
				36FB74A3193FD5B100260B7C /* XCTest.framework in Frameworks */,
				36FB74A5193FD5B100260B7C /* UIKit.framework in Frameworks */,
				36FB74A4193FD5B100260B7C /* Foundation.framework in Frameworks */,
			);
			runOnlyForDeploymentPostprocessing = 0;
		};
/* End PBXFrameworksBuildPhase section */

/* Begin PBXGroup section */
		36FB7474193FD5B100260B7C = {
			isa = PBXGroup;
			children = (
				36FB74B8193FD80000260B7C /* CorePlotHeaders */,
				36FB7486193FD5B100260B7C /* TemperatureGraphApp-iOS */,
				36FB74A8193FD5B100260B7C /* TemperatureGraphApp-iOSTests */,
				36FB747F193FD5B100260B7C /* Frameworks */,
				36FB747E193FD5B100260B7C /* Products */,
				36FB7507193FD82700260B7C /* libCorePlot-CocoaTouch.a */,
			);
			sourceTree = "<group>";
		};
		36FB747E193FD5B100260B7C /* Products */ = {
			isa = PBXGroup;
			children = (
				36FB747D193FD5B100260B7C /* TemperatureGraphApp-iOS.app */,
				36FB74A1193FD5B100260B7C /* TemperatureGraphApp-iOSTests.xctest */,
			);
			name = Products;
			sourceTree = "<group>";
		};
		36FB747F193FD5B100260B7C /* Frameworks */ = {
			isa = PBXGroup;
			children = (
				36FB750B193FD87300260B7C /* Accelerate.framework */,
				36FB7509193FD86200260B7C /* QuartzCore.framework */,
				36FB7480193FD5B100260B7C /* Foundation.framework */,
				36FB7482193FD5B100260B7C /* CoreGraphics.framework */,
				36FB7484193FD5B100260B7C /* UIKit.framework */,
				36FB74A2193FD5B100260B7C /* XCTest.framework */,
			);
			name = Frameworks;
			sourceTree = "<group>";
		};
		36FB7486193FD5B100260B7C /* TemperatureGraphApp-iOS */ = {
			isa = PBXGroup;
			children = (
				36FB748F193FD5B100260B7C /* AppDelegate.h */,
				36FB7490193FD5B100260B7C /* AppDelegate.m */,
				36FB7492193FD5B100260B7C /* Main_iPhone.storyboard */,
				36FB7495193FD5B100260B7C /* Main_iPad.storyboard */,
				36FB7498193FD5B100260B7C /* ViewController.h */,
				36FB7499193FD5B100260B7C /* ViewController.m */,
				36FB749B193FD5B100260B7C /* Images.xcassets */,
				36FB7487193FD5B100260B7C /* Supporting Files */,
			);
			path = "TemperatureGraphApp-iOS";
			sourceTree = "<group>";
		};
		36FB7487193FD5B100260B7C /* Supporting Files */ = {
			isa = PBXGroup;
			children = (
				36FB7488193FD5B100260B7C /* TemperatureGraphApp-iOS-Info.plist */,
				36FB7489193FD5B100260B7C /* InfoPlist.strings */,
				36FB748C193FD5B100260B7C /* main.m */,
				36FB748E193FD5B100260B7C /* TemperatureGraphApp-iOS-Prefix.pch */,
			);
			name = "Supporting Files";
			sourceTree = "<group>";
		};
		36FB74A8193FD5B100260B7C /* TemperatureGraphApp-iOSTests */ = {
			isa = PBXGroup;
			children = (
				36FB74AE193FD5B100260B7C /* TemperatureGraphApp_iOSTests.m */,
				36FB74A9193FD5B100260B7C /* Supporting Files */,
			);
			path = "TemperatureGraphApp-iOSTests";
			sourceTree = "<group>";
		};
		36FB74A9193FD5B100260B7C /* Supporting Files */ = {
			isa = PBXGroup;
			children = (
				36FB74AA193FD5B100260B7C /* TemperatureGraphApp-iOSTests-Info.plist */,
				36FB74AB193FD5B100260B7C /* InfoPlist.strings */,
			);
			name = "Supporting Files";
			sourceTree = "<group>";
		};
		36FB74B8193FD80000260B7C /* CorePlotHeaders */ = {
			isa = PBXGroup;
			children = (
				36FB74B9193FD80000260B7C /* CorePlot-CocoaTouch.h */,
				36FB74BA193FD80000260B7C /* CPTAnimation.h */,
				36FB74BB193FD80000260B7C /* CPTAnimationOperation.h */,
				36FB74BC193FD80000260B7C /* CPTAnimationPeriod.h */,
				36FB74BD193FD80000260B7C /* CPTAnnotation.h */,
				36FB74BE193FD80000260B7C /* CPTAnnotationHostLayer.h */,
				36FB74BF193FD80000260B7C /* CPTAxis.h */,
				36FB74C0193FD80000260B7C /* CPTAxisLabel.h */,
				36FB74C1193FD80000260B7C /* CPTAxisLabelGroup.h */,
				36FB74C2193FD80000260B7C /* CPTAxisSet.h */,
				36FB74C3193FD80000260B7C /* CPTAxisTitle.h */,
				36FB74C4193FD80000260B7C /* CPTBarPlot.h */,
				36FB74C5193FD80000260B7C /* CPTBorderedLayer.h */,
				36FB74C6193FD80000260B7C /* CPTCalendarFormatter.h */,
				36FB74C7193FD80000260B7C /* CPTColor.h */,
				36FB74C8193FD80000260B7C /* CPTColorSpace.h */,
				36FB74C9193FD80000260B7C /* CPTConstraints.h */,
				36FB74CA193FD80000260B7C /* CPTDataSourceTestCase.h */,
				36FB74CB193FD80000260B7C /* CPTDefinitions.h */,
				36FB74CC193FD80000260B7C /* CPTDerivedXYGraph.h */,
				36FB74CD193FD80000260B7C /* CPTExceptions.h */,
				36FB74CE193FD80000260B7C /* CPTFill.h */,
				36FB74CF193FD80000260B7C /* CPTFunctionDataSource.h */,
				36FB74D0193FD80000260B7C /* CPTGradient.h */,
				36FB74D1193FD80000260B7C /* CPTGraph.h */,
				36FB74D2193FD80000260B7C /* CPTGraphHostingView.h */,
				36FB74D3193FD80000260B7C /* CPTGridLineGroup.h */,
				36FB74D4193FD80000260B7C /* CPTGridLines.h */,
				36FB74D5193FD80000260B7C /* CPTImage.h */,
				36FB74D6193FD80000260B7C /* CPTLayer.h */,
				36FB74D7193FD80000260B7C /* CPTLayerAnnotation.h */,
				36FB74D8193FD80000260B7C /* CPTLegend.h */,
				36FB74D9193FD80000260B7C /* CPTLegendEntry.h */,
				36FB74DA193FD80000260B7C /* CPTLimitBand.h */,
				36FB74DB193FD80000260B7C /* CPTLineCap.h */,
				36FB74DC193FD80000260B7C /* CPTLineStyle.h */,
				36FB74DD193FD80000260B7C /* CPTMutableLineStyle.h */,
				36FB74DE193FD80000260B7C /* CPTMutableNumericData+TypeConversion.h */,
				36FB74DF193FD80000260B7C /* CPTMutableNumericData.h */,
				36FB74E0193FD80000260B7C /* CPTMutablePlotRange.h */,
				36FB74E1193FD80000260B7C /* CPTMutableShadow.h */,
				36FB74E2193FD80000260B7C /* CPTMutableTextStyle.h */,
				36FB74E3193FD80000260B7C /* CPTNumericData+TypeConversion.h */,
				36FB74E4193FD80000260B7C /* CPTNumericData.h */,
				36FB74E5193FD80000260B7C /* CPTNumericDataType.h */,
				36FB74E6193FD80000260B7C /* CPTPathExtensions.h */,
				36FB74E7193FD80000260B7C /* CPTPieChart.h */,
				36FB74E8193FD80000260B7C /* CPTPlatformSpecificCategories.h */,
				36FB74E9193FD80000260B7C /* CPTPlatformSpecificDefines.h */,
				36FB74EA193FD80000260B7C /* CPTPlatformSpecificFunctions.h */,
				36FB74EB193FD80000260B7C /* CPTPlot.h */,
				36FB74EC193FD80000260B7C /* CPTPlotArea.h */,
				36FB74ED193FD80000260B7C /* CPTPlotAreaFrame.h */,
				36FB74EE193FD80000260B7C /* CPTPlotGroup.h */,
				36FB74EF193FD80000260B7C /* CPTPlotRange.h */,
				36FB74F0193FD80000260B7C /* CPTPlotSpace.h */,
				36FB74F1193FD80000260B7C /* CPTPlotSpaceAnnotation.h */,
				36FB74F2193FD80000260B7C /* CPTPlotSymbol.h */,
				36FB74F3193FD80000260B7C /* CPTRangePlot.h */,
				36FB74F4193FD80000260B7C /* CPTResponder.h */,
				36FB74F5193FD80000260B7C /* CPTScatterPlot.h */,
				36FB74F6193FD80000260B7C /* CPTShadow.h */,
				36FB74F7193FD80000260B7C /* CPTTestCase.h */,
				36FB74F8193FD80000260B7C /* CPTTextLayer.h */,
				36FB74F9193FD80000260B7C /* CPTTextStyle.h */,
				36FB74FA193FD80000260B7C /* CPTTextStylePlatformSpecific.h */,
				36FB74FB193FD80000260B7C /* CPTTheme.h */,
				36FB74FC193FD80000260B7C /* CPTTimeFormatter.h */,
				36FB74FD193FD80000260B7C /* CPTTradingRangePlot.h */,
				36FB74FE193FD80000260B7C /* CPTUtilities.h */,
				36FB74FF193FD80000260B7C /* CPTXYAxis.h */,
				36FB7500193FD80000260B7C /* CPTXYAxisSet.h */,
				36FB7501193FD80000260B7C /* CPTXYGraph.h */,
				36FB7502193FD80000260B7C /* CPTXYPlotSpace.h */,
				36FB7503193FD80000260B7C /* mainpage.h */,
				36FB7504193FD80000260B7C /* NSCoderExtensions.h */,
				36FB7505193FD80000260B7C /* NSDecimalNumberExtensions.h */,
				36FB7506193FD80000260B7C /* NSNumberExtensions.h */,
			);
			path = CorePlotHeaders;
			sourceTree = "<group>";
		};
/* End PBXGroup section */

/* Begin PBXNativeTarget section */
		36FB747C193FD5B100260B7C /* TemperatureGraphApp-iOS */ = {
			isa = PBXNativeTarget;
			buildConfigurationList = 36FB74B2193FD5B100260B7C /* Build configuration list for PBXNativeTarget "TemperatureGraphApp-iOS" */;
			buildPhases = (
				36FB7479193FD5B100260B7C /* Sources */,
				36FB747A193FD5B100260B7C /* Frameworks */,
				36FB747B193FD5B100260B7C /* Resources */,
			);
			buildRules = (
			);
			dependencies = (
			);
			name = "TemperatureGraphApp-iOS";
			productName = "TemperatureGraphApp-iOS";
			productReference = 36FB747D193FD5B100260B7C /* TemperatureGraphApp-iOS.app */;
			productType = "com.apple.product-type.application";
		};
		36FB74A0193FD5B100260B7C /* TemperatureGraphApp-iOSTests */ = {
			isa = PBXNativeTarget;
			buildConfigurationList = 36FB74B5193FD5B100260B7C /* Build configuration list for PBXNativeTarget "TemperatureGraphApp-iOSTests" */;
			buildPhases = (
				36FB749D193FD5B100260B7C /* Sources */,
				36FB749E193FD5B100260B7C /* Frameworks */,
				36FB749F193FD5B100260B7C /* Resources */,
			);
			buildRules = (
			);
			dependencies = (
				36FB74A7193FD5B100260B7C /* PBXTargetDependency */,
			);
			name = "TemperatureGraphApp-iOSTests";
			productName = "TemperatureGraphApp-iOSTests";
			productReference = 36FB74A1193FD5B100260B7C /* TemperatureGraphApp-iOSTests.xctest */;
			productType = "com.apple.product-type.bundle.unit-test";
		};
/* End PBXNativeTarget section */

/* Begin PBXProject section */
		36FB7475193FD5B100260B7C /* Project object */ = {
			isa = PBXProject;
			attributes = {
				LastUpgradeCheck = 0510;
				ORGANIZATIONNAME = "Ming Chow";
				TargetAttributes = {
					36FB74A0193FD5B100260B7C = {
						TestTargetID = 36FB747C193FD5B100260B7C;
					};
				};
			};
			buildConfigurationList = 36FB7478193FD5B100260B7C /* Build configuration list for PBXProject "TemperatureGraphApp-iOS" */;
			compatibilityVersion = "Xcode 3.2";
			developmentRegion = English;
			hasScannedForEncodings = 0;
			knownRegions = (
				en,
				Base,
			);
			mainGroup = 36FB7474193FD5B100260B7C;
			productRefGroup = 36FB747E193FD5B100260B7C /* Products */;
			projectDirPath = "";
			projectRoot = "";
			targets = (
				36FB747C193FD5B100260B7C /* TemperatureGraphApp-iOS */,
				36FB74A0193FD5B100260B7C /* TemperatureGraphApp-iOSTests */,
			);
		};
/* End PBXProject section */

/* Begin PBXResourcesBuildPhase section */
		36FB747B193FD5B100260B7C /* Resources */ = {
			isa = PBXResourcesBuildPhase;
			buildActionMask = 2147483647;
			files = (
				36FB7497193FD5B100260B7C /* Main_iPad.storyboard in Resources */,
				36FB749C193FD5B100260B7C /* Images.xcassets in Resources */,
				36FB7494193FD5B100260B7C /* Main_iPhone.storyboard in Resources */,
				36FB748B193FD5B100260B7C /* InfoPlist.strings in Resources */,
			);
			runOnlyForDeploymentPostprocessing = 0;
		};
		36FB749F193FD5B100260B7C /* Resources */ = {
			isa = PBXResourcesBuildPhase;
			buildActionMask = 2147483647;
			files = (
				36FB74AD193FD5B100260B7C /* InfoPlist.strings in Resources */,
			);
			runOnlyForDeploymentPostprocessing = 0;
		};
/* End PBXResourcesBuildPhase section */

/* Begin PBXSourcesBuildPhase section */
		36FB7479193FD5B100260B7C /* Sources */ = {
			isa = PBXSourcesBuildPhase;
			buildActionMask = 2147483647;
			files = (
				36FB749A193FD5B100260B7C /* ViewController.m in Sources */,
				36FB7491193FD5B100260B7C /* AppDelegate.m in Sources */,
				36FB748D193FD5B100260B7C /* main.m in Sources */,
			);
			runOnlyForDeploymentPostprocessing = 0;
		};
		36FB749D193FD5B100260B7C /* Sources */ = {
			isa = PBXSourcesBuildPhase;
			buildActionMask = 2147483647;
			files = (
				36FB74AF193FD5B100260B7C /* TemperatureGraphApp_iOSTests.m in Sources */,
			);
			runOnlyForDeploymentPostprocessing = 0;
		};
/* End PBXSourcesBuildPhase section */

/* Begin PBXTargetDependency section */
		36FB74A7193FD5B100260B7C /* PBXTargetDependency */ = {
			isa = PBXTargetDependency;
			target = 36FB747C193FD5B100260B7C /* TemperatureGraphApp-iOS */;
			targetProxy = 36FB74A6193FD5B100260B7C /* PBXContainerItemProxy */;
		};
/* End PBXTargetDependency section */

/* Begin PBXVariantGroup section */
		36FB7489193FD5B100260B7C /* InfoPlist.strings */ = {
			isa = PBXVariantGroup;
			children = (
				36FB748A193FD5B100260B7C /* en */,
			);
			name = InfoPlist.strings;
			sourceTree = "<group>";
		};
		36FB7492193FD5B100260B7C /* Main_iPhone.storyboard */ = {
			isa = PBXVariantGroup;
			children = (
				36FB7493193FD5B100260B7C /* Base */,
			);
			name = Main_iPhone.storyboard;
			sourceTree = "<group>";
		};
		36FB7495193FD5B100260B7C /* Main_iPad.storyboard */ = {
			isa = PBXVariantGroup;
			children = (
				36FB7496193FD5B100260B7C /* Base */,
			);
			name = Main_iPad.storyboard;
			sourceTree = "<group>";
		};
		36FB74AB193FD5B100260B7C /* InfoPlist.strings */ = {
			isa = PBXVariantGroup;
			children = (
				36FB74AC193FD5B100260B7C /* en */,
			);
			name = InfoPlist.strings;
			sourceTree = "<group>";
		};
/* End PBXVariantGroup section */

/* Begin XCBuildConfiguration section */
		36FB74B0193FD5B100260B7C /* Debug */ = {
			isa = XCBuildConfiguration;
			buildSettings = {
				ALWAYS_SEARCH_USER_PATHS = NO;
				CLANG_CXX_LANGUAGE_STANDARD = "gnu++0x";
				CLANG_CXX_LIBRARY = "libc++";
				CLANG_ENABLE_MODULES = YES;
				CLANG_ENABLE_OBJC_ARC = YES;
				CLANG_WARN_BOOL_CONVERSION = YES;
				CLANG_WARN_CONSTANT_CONVERSION = YES;
				CLANG_WARN_DIRECT_OBJC_ISA_USAGE = YES_ERROR;
				CLANG_WARN_EMPTY_BODY = YES;
				CLANG_WARN_ENUM_CONVERSION = YES;
				CLANG_WARN_INT_CONVERSION = YES;
				CLANG_WARN_OBJC_ROOT_CLASS = YES_ERROR;
				CLANG_WARN__DUPLICATE_METHOD_MATCH = YES;
				"CODE_SIGN_IDENTITY[sdk=iphoneos*]" = "iPhone Developer";
				COPY_PHASE_STRIP = NO;
				GCC_C_LANGUAGE_STANDARD = gnu99;
				GCC_DYNAMIC_NO_PIC = NO;
				GCC_OPTIMIZATION_LEVEL = 0;
				GCC_PREPROCESSOR_DEFINITIONS = (
					"DEBUG=1",
					"$(inherited)",
				);
				GCC_SYMBOLS_PRIVATE_EXTERN = NO;
				GCC_WARN_64_TO_32_BIT_CONVERSION = YES;
				GCC_WARN_ABOUT_RETURN_TYPE = YES_ERROR;
				GCC_WARN_UNDECLARED_SELECTOR = YES;
				GCC_WARN_UNINITIALIZED_AUTOS = YES_AGGRESSIVE;
				GCC_WARN_UNUSED_FUNCTION = YES;
				GCC_WARN_UNUSED_VARIABLE = YES;
				IPHONEOS_DEPLOYMENT_TARGET = 7.1;
				ONLY_ACTIVE_ARCH = YES;
				SDKROOT = iphoneos;
				TARGETED_DEVICE_FAMILY = "1,2";
			};
			name = Debug;
		};
		36FB74B1193FD5B100260B7C /* Release */ = {
			isa = XCBuildConfiguration;
			buildSettings = {
				ALWAYS_SEARCH_USER_PATHS = NO;
				CLANG_CXX_LANGUAGE_STANDARD = "gnu++0x";
				CLANG_CXX_LIBRARY = "libc++";
				CLANG_ENABLE_MODULES = YES;
				CLANG_ENABLE_OBJC_ARC = YES;
				CLANG_WARN_BOOL_CONVERSION = YES;
				CLANG_WARN_CONSTANT_CONVERSION = YES;
				CLANG_WARN_DIRECT_OBJC_ISA_USAGE = YES_ERROR;
				CLANG_WARN_EMPTY_BODY = YES;
				CLANG_WARN_ENUM_CONVERSION = YES;
				CLANG_WARN_INT_CONVERSION = YES;
				CLANG_WARN_OBJC_ROOT_CLASS = YES_ERROR;
				CLANG_WARN__DUPLICATE_METHOD_MATCH = YES;
				"CODE_SIGN_IDENTITY[sdk=iphoneos*]" = "iPhone Developer";
				COPY_PHASE_STRIP = YES;
				ENABLE_NS_ASSERTIONS = NO;
				GCC_C_LANGUAGE_STANDARD = gnu99;
				GCC_WARN_64_TO_32_BIT_CONVERSION = YES;
				GCC_WARN_ABOUT_RETURN_TYPE = YES_ERROR;
				GCC_WARN_UNDECLARED_SELECTOR = YES;
				GCC_WARN_UNINITIALIZED_AUTOS = YES_AGGRESSIVE;
				GCC_WARN_UNUSED_FUNCTION = YES;
				GCC_WARN_UNUSED_VARIABLE = YES;
				IPHONEOS_DEPLOYMENT_TARGET = 7.1;
				SDKROOT = iphoneos;
				TARGETED_DEVICE_FAMILY = "1,2";
				VALIDATE_PRODUCT = YES;
			};
			name = Release;
		};
		36FB74B3193FD5B100260B7C /* Debug */ = {
			isa = XCBuildConfiguration;
			buildSettings = {
				ASSETCATALOG_COMPILER_APPICON_NAME = AppIcon;
				ASSETCATALOG_COMPILER_LAUNCHIMAGE_NAME = LaunchImage;
				GCC_PRECOMPILE_PREFIX_HEADER = YES;
				GCC_PREFIX_HEADER = "TemperatureGraphApp-iOS/TemperatureGraphApp-iOS-Prefix.pch";
				INFOPLIST_FILE = "TemperatureGraphApp-iOS/TemperatureGraphApp-iOS-Info.plist";
				LIBRARY_SEARCH_PATHS = (
					"$(inherited)",
					"$(PROJECT_DIR)",
				);
				OTHER_LDFLAGS = "-ObjC";
				PRODUCT_NAME = "$(TARGET_NAME)";
				WRAPPER_EXTENSION = app;
			};
			name = Debug;
		};
		36FB74B4193FD5B100260B7C /* Release */ = {
			isa = XCBuildConfiguration;
			buildSettings = {
				ASSETCATALOG_COMPILER_APPICON_NAME = AppIcon;
				ASSETCATALOG_COMPILER_LAUNCHIMAGE_NAME = LaunchImage;
				GCC_PRECOMPILE_PREFIX_HEADER = YES;
				GCC_PREFIX_HEADER = "TemperatureGraphApp-iOS/TemperatureGraphApp-iOS-Prefix.pch";
				INFOPLIST_FILE = "TemperatureGraphApp-iOS/TemperatureGraphApp-iOS-Info.plist";
				LIBRARY_SEARCH_PATHS = (
					"$(inherited)",
					"$(PROJECT_DIR)",
				);
				OTHER_LDFLAGS = "-ObjC";
				PRODUCT_NAME = "$(TARGET_NAME)";
				WRAPPER_EXTENSION = app;
			};
			name = Release;
		};
		36FB74B6193FD5B100260B7C /* Debug */ = {
			isa = XCBuildConfiguration;
			buildSettings = {
				BUNDLE_LOADER = "$(BUILT_PRODUCTS_DIR)/TemperatureGraphApp-iOS.app/TemperatureGraphApp-iOS";
				FRAMEWORK_SEARCH_PATHS = (
					"$(SDKROOT)/Developer/Library/Frameworks",
					"$(inherited)",
					"$(DEVELOPER_FRAMEWORKS_DIR)",
				);
				GCC_PRECOMPILE_PREFIX_HEADER = YES;
				GCC_PREFIX_HEADER = "TemperatureGraphApp-iOS/TemperatureGraphApp-iOS-Prefix.pch";
				GCC_PREPROCESSOR_DEFINITIONS = (
					"DEBUG=1",
					"$(inherited)",
				);
				INFOPLIST_FILE = "TemperatureGraphApp-iOSTests/TemperatureGraphApp-iOSTests-Info.plist";
				PRODUCT_NAME = "$(TARGET_NAME)";
				TEST_HOST = "$(BUNDLE_LOADER)";
				WRAPPER_EXTENSION = xctest;
			};
			name = Debug;
		};
		36FB74B7193FD5B100260B7C /* Release */ = {
			isa = XCBuildConfiguration;
			buildSettings = {
				BUNDLE_LOADER = "$(BUILT_PRODUCTS_DIR)/TemperatureGraphApp-iOS.app/TemperatureGraphApp-iOS";
				FRAMEWORK_SEARCH_PATHS = (
					"$(SDKROOT)/Developer/Library/Frameworks",
					"$(inherited)",
					"$(DEVELOPER_FRAMEWORKS_DIR)",
				);
				GCC_PRECOMPILE_PREFIX_HEADER = YES;
				GCC_PREFIX_HEADER = "TemperatureGraphApp-iOS/TemperatureGraphApp-iOS-Prefix.pch";
				INFOPLIST_FILE = "TemperatureGraphApp-iOSTests/TemperatureGraphApp-iOSTests-Info.plist";
				PRODUCT_NAME = "$(TARGET_NAME)";
				TEST_HOST = "$(BUNDLE_LOADER)";
				WRAPPER_EXTENSION = xctest;
			};
			name = Release;
		};
/* End XCBuildConfiguration section */

/* Begin XCConfigurationList section */
		36FB7478193FD5B100260B7C /* Build configuration list for PBXProject "TemperatureGraphApp-iOS" */ = {
			isa = XCConfigurationList;
			buildConfigurations = (
				36FB74B0193FD5B100260B7C /* Debug */,
				36FB74B1193FD5B100260B7C /* Release */,
			);
			defaultConfigurationIsVisible = 0;
			defaultConfigurationName = Release;
		};
		36FB74B2193FD5B100260B7C /* Build configuration list for PBXNativeTarget "TemperatureGraphApp-iOS" */ = {
			isa = XCConfigurationList;
			buildConfigurations = (
				36FB74B3193FD5B100260B7C /* Debug */,
				36FB74B4193FD5B100260B7C /* Release */,
			);
			defaultConfigurationIsVisible = 0;
			defaultConfigurationName = Release;
		};
		36FB74B5193FD5B100260B7C /* Build configuration list for PBXNativeTarget "TemperatureGraphApp-iOSTests" */ = {
			isa = XCConfigurationList;
			buildConfigurations = (
				36FB74B6193FD5B100260B7C /* Debug */,
				36FB74B7193FD5B100260B7C /* Release */,
			);
			defaultConfigurationIsVisible = 0;
			defaultConfigurationName = Release;
		};
/* End XCConfigurationList section */
	};
	rootObject = 36FB7475193FD5B100260B7C /* Project object */;
}
